{
  "name": "digital-ocean-cheatsheat",
  "version": "1.0.0",
  "lockfileVersion": 1,
  "requires": true,
  "dependencies": {
    "copy-text-to-clipboard": {
      "version": "3.0.1",
      "resolved": "https://registry.npmjs.org/copy-text-to-clipboard/-/copy-text-to-clipboard-3.0.1.tgz",
      "integrity": "sha512-rvVsHrpFcL4F2P8ihsoLdFHmd404+CMg71S756oRSeQgqk51U3kicGdnvfkrxva0xXH92SjGS62B0XIJsbh+9Q=="
    }
  }
}
